
Microsoft Visual Studio Solution File, Format Version 12.00
# Visual Studio 15
VisualStudioVersion = 15.0.33026.149
MinimumVisualStudioVersion = 10.0.40219.1
Project("{8BC9CEB8-8B4A-11D0-8D11-00A0C91BC942}") = "cauth", "cauth.vcxproj", "{0F0E8567-670C-4FF7-A71E-1EB315F641F7}"
	ProjectSection(ProjectDependencies) = postProject
		{4F6FCB37-913D-44AA-A0BB-649B5460A4CA} = {4F6FCB37-913D-44AA-A0BB-649B5460A4CA}
		{30EAD79A-9C06-4E8B-95BB-A0A26D9868BE} = {30EAD79A-9C06-4E8B-95BB-A0A26D9868BE}
	EndProjectSection
EndProject
Project("{8BC9CEB8-8B4A-11D0-8D11-00A0C91BC942}") = "cplatform", "..\cplatform\cplatform.vcxproj", "{4F6FCB37-913D-44AA-A0BB-649B5460A4CA}"
EndProject
Project("{8BC9CEB8-8B4A-11D0-8D11-00A0C91BC942}") = "cauthclient", "..\cauthclient\cauthclient.vcxproj", "{A51DD4B4-BC3C-4A3F-B56C-64A7D46CEF06}"
	ProjectSection(ProjectDependencies) = postProject
		{4F6FCB37-913D-44AA-A0BB-649B5460A4CA} = {4F6FCB37-913D-44AA-A0BB-649B5460A4CA}
	EndProjectSection
EndProject
Project("{8BC9CEB8-8B4A-11D0-8D11-00A0C91BC942}") = "cmysql", "..\cmysql\cmysql.vcxproj", "{30EAD79A-9C06-4E8B-95BB-A0A26D9868BE}"
EndProject
Project("{8BC9CEB8-8B4A-11D0-8D11-00A0C91BC942}") = "configgui", "..\configgui\configgui.vcxproj", "{D706E81F-3D7C-447A-B764-3159824AA49F}"
	ProjectSection(ProjectDependencies) = postProject
		{4F6FCB37-913D-44AA-A0BB-649B5460A4CA} = {4F6FCB37-913D-44AA-A0BB-649B5460A4CA}
	EndProjectSection
EndProject
Global
	GlobalSection(SolutionConfigurationPlatforms) = preSolution
		Debug|x64 = Debug|x64
		Debug|x86 = Debug|x86
		Release|x64 = Release|x64
		Release|x86 = Release|x86
	EndGlobalSection
	GlobalSection(ProjectConfigurationPlatforms) = postSolution
		{0F0E8567-670C-4FF7-A71E-1EB315F641F7}.Debug|x64.ActiveCfg = Debug|x64
		{0F0E8567-670C-4FF7-A71E-1EB315F641F7}.Debug|x64.Build.0 = Debug|x64
		{0F0E8567-670C-4FF7-A71E-1EB315F641F7}.Debug|x86.ActiveCfg = Debug|Win32
		{0F0E8567-670C-4FF7-A71E-1EB315F641F7}.Debug|x86.Build.0 = Debug|Win32
		{0F0E8567-670C-4FF7-A71E-1EB315F641F7}.Release|x64.ActiveCfg = Release|x64
		{0F0E8567-670C-4FF7-A71E-1EB315F641F7}.Release|x64.Build.0 = Release|x64
		{0F0E8567-670C-4FF7-A71E-1EB315F641F7}.Release|x86.ActiveCfg = Release|Win32
		{0F0E8567-670C-4FF7-A71E-1EB315F641F7}.Release|x86.Build.0 = Release|Win32
		{4F6FCB37-913D-44AA-A0BB-649B5460A4CA}.Debug|x64.ActiveCfg = Debug|x64
		{4F6FCB37-913D-44AA-A0BB-649B5460A4CA}.Debug|x64.Build.0 = Debug|x64
		{4F6FCB37-913D-44AA-A0BB-649B5460A4CA}.Debug|x86.ActiveCfg = Debug|Win32
		{4F6FCB37-913D-44AA-A0BB-649B5460A4CA}.Debug|x86.Build.0 = Debug|Win32
		{4F6FCB37-913D-44AA-A0BB-649B5460A4CA}.Release|x64.ActiveCfg = Release|x64
		{4F6FCB37-913D-44AA-A0BB-649B5460A4CA}.Release|x64.Build.0 = Release|x64
		{4F6FCB37-913D-44AA-A0BB-649B5460A4CA}.Release|x86.ActiveCfg = Release|Win32
		{4F6FCB37-913D-44AA-A0BB-649B5460A4CA}.Release|x86.Build.0 = Release|Win32
		{A51DD4B4-BC3C-4A3F-B56C-64A7D46CEF06}.Debug|x64.ActiveCfg = Debug|x64
		{A51DD4B4-BC3C-4A3F-B56C-64A7D46CEF06}.Debug|x64.Build.0 = Debug|x64
		{A51DD4B4-BC3C-4A3F-B56C-64A7D46CEF06}.Debug|x86.ActiveCfg = Debug|Win32
		{A51DD4B4-BC3C-4A3F-B56C-64A7D46CEF06}.Debug|x86.Build.0 = Debug|Win32
		{A51DD4B4-BC3C-4A3F-B56C-64A7D46CEF06}.Release|x64.ActiveCfg = Release|x64
		{A51DD4B4-BC3C-4A3F-B56C-64A7D46CEF06}.Release|x64.Build.0 = Release|x64
		{A51DD4B4-BC3C-4A3F-B56C-64A7D46CEF06}.Release|x86.ActiveCfg = Release|Win32
		{A51DD4B4-BC3C-4A3F-B56C-64A7D46CEF06}.Release|x86.Build.0 = Release|Win32
		{30EAD79A-9C06-4E8B-95BB-A0A26D9868BE}.Debug|x64.ActiveCfg = Debug|x64
		{30EAD79A-9C06-4E8B-95BB-A0A26D9868BE}.Debug|x64.Build.0 = Debug|x64
		{30EAD79A-9C06-4E8B-95BB-A0A26D9868BE}.Debug|x86.ActiveCfg = Debug|Win32
		{30EAD79A-9C06-4E8B-95BB-A0A26D9868BE}.Debug|x86.Build.0 = Debug|Win32
		{30EAD79A-9C06-4E8B-95BB-A0A26D9868BE}.Release|x64.ActiveCfg = Release|x64
		{30EAD79A-9C06-4E8B-95BB-A0A26D9868BE}.Release|x64.Build.0 = Release|x64
		{30EAD79A-9C06-4E8B-95BB-A0A26D9868BE}.Release|x86.ActiveCfg = Release|Win32
		{30EAD79A-9C06-4E8B-95BB-A0A26D9868BE}.Release|x86.Build.0 = Release|Win32
		{D706E81F-3D7C-447A-B764-3159824AA49F}.Debug|x64.ActiveCfg = Debug|Win32
		{D706E81F-3D7C-447A-B764-3159824AA49F}.Debug|x86.ActiveCfg = Debug|Win32
		{D706E81F-3D7C-447A-B764-3159824AA49F}.Debug|x86.Build.0 = Debug|Win32
		{D706E81F-3D7C-447A-B764-3159824AA49F}.Release|x64.ActiveCfg = Release|Win32
		{D706E81F-3D7C-447A-B764-3159824AA49F}.Release|x86.ActiveCfg = Release|Win32
		{D706E81F-3D7C-447A-B764-3159824AA49F}.Release|x86.Build.0 = Release|Win32
	EndGlobalSection
	GlobalSection(SolutionProperties) = preSolution
		HideSolutionNode = FALSE
	EndGlobalSection
	GlobalSection(ExtensibilityGlobals) = postSolution
		SolutionGuid = {D404DCDF-96D9-4455-A1DF-0DCFF0F1F9D9}
	EndGlobalSection
EndGlobal
