
Microsoft Visual Studio Solution File, Format Version 12.00
# Visual Studio 15
VisualStudioVersion = 15.0.33026.149
MinimumVisualStudioVersion = 10.0.40219.1
Project("{8BC9CEB8-8B4A-11D0-8D11-00A0C91BC942}") = "first_protobuf", "first_protobuf.vcxproj", "{32F65ADD-2A46-4F32-A868-9B6A1239E1BC}"
EndProject
Global
	GlobalSection(SolutionConfigurationPlatforms) = preSolution
		Debug|x64 = Debug|x64
		Debug|x86 = Debug|x86
		Release|x64 = Release|x64
		Release|x86 = Release|x86
	EndGlobalSection
	GlobalSection(ProjectConfigurationPlatforms) = postSolution
		{32F65ADD-2A46-4F32-A868-9B6A1239E1BC}.Debug|x64.ActiveCfg = Debug|x64
		{32F65ADD-2A46-4F32-A868-9B6A1239E1BC}.Debug|x64.Build.0 = Debug|x64
		{32F65ADD-2A46-4F32-A868-9B6A1239E1BC}.Debug|x86.ActiveCfg = Debug|Win32
		{32F65ADD-2A46-4F32-A868-9B6A1239E1BC}.Debug|x86.Build.0 = Debug|Win32
		{32F65ADD-2A46-4F32-A868-9B6A1239E1BC}.Release|x64.ActiveCfg = Release|x64
		{32F65ADD-2A46-4F32-A868-9B6A1239E1BC}.Release|x64.Build.0 = Release|x64
		{32F65ADD-2A46-4F32-A868-9B6A1239E1BC}.Release|x86.ActiveCfg = Release|Win32
		{32F65ADD-2A46-4F32-A868-9B6A1239E1BC}.Release|x86.Build.0 = Release|Win32
	EndGlobalSection
	GlobalSection(SolutionProperties) = preSolution
		HideSolutionNode = FALSE
	EndGlobalSection
	GlobalSection(ExtensibilityGlobals) = postSolution
		SolutionGuid = {0219263C-5715-4834-876F-7AECE5141B44}
	EndGlobalSection
EndGlobal
