
Microsoft Visual Studio Solution File, Format Version 12.00
# Visual Studio 15
VisualStudioVersion = 15.0.33026.149
MinimumVisualStudioVersion = 10.0.40219.1
Project("{8BC9CEB8-8B4A-11D0-8D11-00A0C91BC942}") = "registerserver", "registerserver.vcxproj", "{A1FB9635-1330-4464-846F-CD8098A19E24}"
	ProjectSection(ProjectDependencies) = postProject
		{4F6FCB37-913D-44AA-A0BB-649B5460A4CA} = {4F6FCB37-913D-44AA-A0BB-649B5460A4CA}
	EndProjectSection
EndProject
Project("{8BC9CEB8-8B4A-11D0-8D11-00A0C91BC942}") = "registerclient", "..\registerclient\registerclient.vcxproj", "{7B8D6284-C4F2-4354-A57D-EF34C641902D}"
	ProjectSection(ProjectDependencies) = postProject
		{4F6FCB37-913D-44AA-A0BB-649B5460A4CA} = {4F6FCB37-913D-44AA-A0BB-649B5460A4CA}
	EndProjectSection
EndProject
Project("{8BC9CEB8-8B4A-11D0-8D11-00A0C91BC942}") = "cplatform", "..\cplatform\cplatform.vcxproj", "{4F6FCB37-913D-44AA-A0BB-649B5460A4CA}"
EndProject
Project("{8BC9CEB8-8B4A-11D0-8D11-00A0C91BC942}") = "cmsgateway", "..\cmsgateway\cmsgateway.vcxproj", "{549B9093-43E7-4031-979F-DD7333234D6B}"
	ProjectSection(ProjectDependencies) = postProject
		{4F6FCB37-913D-44AA-A0BB-649B5460A4CA} = {4F6FCB37-913D-44AA-A0BB-649B5460A4CA}
	EndProjectSection
EndProject
Project("{8BC9CEB8-8B4A-11D0-8D11-00A0C91BC942}") = "configserver", "..\configserver\configserver.vcxproj", "{4CACB273-BC7E-4130-8978-9A6C3296A517}"
	ProjectSection(ProjectDependencies) = postProject
		{4F6FCB37-913D-44AA-A0BB-649B5460A4CA} = {4F6FCB37-913D-44AA-A0BB-649B5460A4CA}
	EndProjectSection
EndProject
Project("{8BC9CEB8-8B4A-11D0-8D11-00A0C91BC942}") = "configclient", "..\configclient\configclient.vcxproj", "{987C47A6-0D9B-49A3-936B-705F09D81201}"
	ProjectSection(ProjectDependencies) = postProject
		{4F6FCB37-913D-44AA-A0BB-649B5460A4CA} = {4F6FCB37-913D-44AA-A0BB-649B5460A4CA}
	EndProjectSection
EndProject
Project("{8BC9CEB8-8B4A-11D0-8D11-00A0C91BC942}") = "cmysql", "..\cmysql\cmysql.vcxproj", "{30EAD79A-9C06-4E8B-95BB-A0A26D9868BE}"
EndProject
Global
	GlobalSection(SolutionConfigurationPlatforms) = preSolution
		Debug|x64 = Debug|x64
		Debug|x86 = Debug|x86
		Release|x64 = Release|x64
		Release|x86 = Release|x86
	EndGlobalSection
	GlobalSection(ProjectConfigurationPlatforms) = postSolution
		{A1FB9635-1330-4464-846F-CD8098A19E24}.Debug|x64.ActiveCfg = Debug|x64
		{A1FB9635-1330-4464-846F-CD8098A19E24}.Debug|x64.Build.0 = Debug|x64
		{A1FB9635-1330-4464-846F-CD8098A19E24}.Debug|x86.ActiveCfg = Debug|Win32
		{A1FB9635-1330-4464-846F-CD8098A19E24}.Debug|x86.Build.0 = Debug|Win32
		{A1FB9635-1330-4464-846F-CD8098A19E24}.Release|x64.ActiveCfg = Release|x64
		{A1FB9635-1330-4464-846F-CD8098A19E24}.Release|x64.Build.0 = Release|x64
		{A1FB9635-1330-4464-846F-CD8098A19E24}.Release|x86.ActiveCfg = Release|Win32
		{A1FB9635-1330-4464-846F-CD8098A19E24}.Release|x86.Build.0 = Release|Win32
		{7B8D6284-C4F2-4354-A57D-EF34C641902D}.Debug|x64.ActiveCfg = Debug|x64
		{7B8D6284-C4F2-4354-A57D-EF34C641902D}.Debug|x64.Build.0 = Debug|x64
		{7B8D6284-C4F2-4354-A57D-EF34C641902D}.Debug|x86.ActiveCfg = Debug|Win32
		{7B8D6284-C4F2-4354-A57D-EF34C641902D}.Debug|x86.Build.0 = Debug|Win32
		{7B8D6284-C4F2-4354-A57D-EF34C641902D}.Release|x64.ActiveCfg = Release|x64
		{7B8D6284-C4F2-4354-A57D-EF34C641902D}.Release|x64.Build.0 = Release|x64
		{7B8D6284-C4F2-4354-A57D-EF34C641902D}.Release|x86.ActiveCfg = Release|Win32
		{7B8D6284-C4F2-4354-A57D-EF34C641902D}.Release|x86.Build.0 = Release|Win32
		{4F6FCB37-913D-44AA-A0BB-649B5460A4CA}.Debug|x64.ActiveCfg = Debug|x64
		{4F6FCB37-913D-44AA-A0BB-649B5460A4CA}.Debug|x64.Build.0 = Debug|x64
		{4F6FCB37-913D-44AA-A0BB-649B5460A4CA}.Debug|x86.ActiveCfg = Debug|Win32
		{4F6FCB37-913D-44AA-A0BB-649B5460A4CA}.Debug|x86.Build.0 = Debug|Win32
		{4F6FCB37-913D-44AA-A0BB-649B5460A4CA}.Release|x64.ActiveCfg = Release|x64
		{4F6FCB37-913D-44AA-A0BB-649B5460A4CA}.Release|x64.Build.0 = Release|x64
		{4F6FCB37-913D-44AA-A0BB-649B5460A4CA}.Release|x86.ActiveCfg = Release|Win32
		{4F6FCB37-913D-44AA-A0BB-649B5460A4CA}.Release|x86.Build.0 = Release|Win32
		{549B9093-43E7-4031-979F-DD7333234D6B}.Debug|x64.ActiveCfg = Debug|x64
		{549B9093-43E7-4031-979F-DD7333234D6B}.Debug|x64.Build.0 = Debug|x64
		{549B9093-43E7-4031-979F-DD7333234D6B}.Debug|x86.ActiveCfg = Debug|Win32
		{549B9093-43E7-4031-979F-DD7333234D6B}.Debug|x86.Build.0 = Debug|Win32
		{549B9093-43E7-4031-979F-DD7333234D6B}.Release|x64.ActiveCfg = Release|x64
		{549B9093-43E7-4031-979F-DD7333234D6B}.Release|x64.Build.0 = Release|x64
		{549B9093-43E7-4031-979F-DD7333234D6B}.Release|x86.ActiveCfg = Release|Win32
		{549B9093-43E7-4031-979F-DD7333234D6B}.Release|x86.Build.0 = Release|Win32
		{4CACB273-BC7E-4130-8978-9A6C3296A517}.Debug|x64.ActiveCfg = Debug|x64
		{4CACB273-BC7E-4130-8978-9A6C3296A517}.Debug|x64.Build.0 = Debug|x64
		{4CACB273-BC7E-4130-8978-9A6C3296A517}.Debug|x86.ActiveCfg = Debug|Win32
		{4CACB273-BC7E-4130-8978-9A6C3296A517}.Debug|x86.Build.0 = Debug|Win32
		{4CACB273-BC7E-4130-8978-9A6C3296A517}.Release|x64.ActiveCfg = Release|x64
		{4CACB273-BC7E-4130-8978-9A6C3296A517}.Release|x64.Build.0 = Release|x64
		{4CACB273-BC7E-4130-8978-9A6C3296A517}.Release|x86.ActiveCfg = Release|Win32
		{4CACB273-BC7E-4130-8978-9A6C3296A517}.Release|x86.Build.0 = Release|Win32
		{987C47A6-0D9B-49A3-936B-705F09D81201}.Debug|x64.ActiveCfg = Debug|x64
		{987C47A6-0D9B-49A3-936B-705F09D81201}.Debug|x64.Build.0 = Debug|x64
		{987C47A6-0D9B-49A3-936B-705F09D81201}.Debug|x86.ActiveCfg = Debug|Win32
		{987C47A6-0D9B-49A3-936B-705F09D81201}.Debug|x86.Build.0 = Debug|Win32
		{987C47A6-0D9B-49A3-936B-705F09D81201}.Release|x64.ActiveCfg = Release|x64
		{987C47A6-0D9B-49A3-936B-705F09D81201}.Release|x64.Build.0 = Release|x64
		{987C47A6-0D9B-49A3-936B-705F09D81201}.Release|x86.ActiveCfg = Release|Win32
		{987C47A6-0D9B-49A3-936B-705F09D81201}.Release|x86.Build.0 = Release|Win32
		{30EAD79A-9C06-4E8B-95BB-A0A26D9868BE}.Debug|x64.ActiveCfg = Debug|x64
		{30EAD79A-9C06-4E8B-95BB-A0A26D9868BE}.Debug|x64.Build.0 = Debug|x64
		{30EAD79A-9C06-4E8B-95BB-A0A26D9868BE}.Debug|x86.ActiveCfg = Debug|Win32
		{30EAD79A-9C06-4E8B-95BB-A0A26D9868BE}.Debug|x86.Build.0 = Debug|Win32
		{30EAD79A-9C06-4E8B-95BB-A0A26D9868BE}.Release|x64.ActiveCfg = Release|x64
		{30EAD79A-9C06-4E8B-95BB-A0A26D9868BE}.Release|x64.Build.0 = Release|x64
		{30EAD79A-9C06-4E8B-95BB-A0A26D9868BE}.Release|x86.ActiveCfg = Release|Win32
		{30EAD79A-9C06-4E8B-95BB-A0A26D9868BE}.Release|x86.Build.0 = Release|Win32
	EndGlobalSection
	GlobalSection(SolutionProperties) = preSolution
		HideSolutionNode = FALSE
	EndGlobalSection
	GlobalSection(ExtensibilityGlobals) = postSolution
		SolutionGuid = {D3038590-D194-45EB-9B8F-85CB39B367FB}
	EndGlobalSection
EndGlobal
